
Microsoft Visual Studio Solution File, Format Version 12.00
# Visual Studio Version 16
VisualStudioVersion = 16.0.29403.142
MinimumVisualStudioVersion = 10.0.40219.1
Project("{8BC9CEB8-8B4A-11D0-8D11-00A0C91BC942}") = "binory-tree test", "binory-tree test.vcxproj", "{9C452EFF-0C86-4760-8808-DA8B71F0BB30}"
EndProject
Global
	GlobalSection(SolutionConfigurationPlatforms) = preSolution
		Debug|x64 = Debug|x64
		Debug|x86 = Debug|x86
		Release|x64 = Release|x64
		Release|x86 = Release|x86
	EndGlobalSection
	GlobalSection(ProjectConfigurationPlatforms) = postSolution
		{9C452EFF-0C86-4760-8808-DA8B71F0BB30}.Debug|x64.ActiveCfg = Debug|x64
		{9C452EFF-0C86-4760-8808-DA8B71F0BB30}.Debug|x64.Build.0 = Debug|x64
		{9C452EFF-0C86-4760-8808-DA8B71F0BB30}.Debug|x86.ActiveCfg = Debug|Win32
		{9C452EFF-0C86-4760-8808-DA8B71F0BB30}.Debug|x86.Build.0 = Debug|Win32
		{9C452EFF-0C86-4760-8808-DA8B71F0BB30}.Release|x64.ActiveCfg = Release|x64
		{9C452EFF-0C86-4760-8808-DA8B71F0BB30}.Release|x64.Build.0 = Release|x64
		{9C452EFF-0C86-4760-8808-DA8B71F0BB30}.Release|x86.ActiveCfg = Release|Win32
		{9C452EFF-0C86-4760-8808-DA8B71F0BB30}.Release|x86.Build.0 = Release|Win32
	EndGlobalSection
	GlobalSection(SolutionProperties) = preSolution
		HideSolutionNode = FALSE
	EndGlobalSection
	GlobalSection(ExtensibilityGlobals) = postSolution
		SolutionGuid = {0D3309F0-1176-4646-87F5-0E5AB3C986D9}
	EndGlobalSection
EndGlobal
